// !$*UTF8*$!
{
	archiveVersion = 1;
	classes = {
	};
	objectVersion = 46;
	objects = {

/* Begin PBXBuildFile section */
		CE8E71CC153ADD1E008EEB68 /* LessonsViewController.m in Sources */ = {isa = PBXBuildFile; fileRef = CE8E71CB153ADD1E008EEB68 /* LessonsViewController.m */; };
		CEB3D2C115374C11002DAC67 /* UIKit.framework in Frameworks */ = {isa = PBXBuildFile; fileRef = CEB3D2C015374C11002DAC67 /* UIKit.framework */; };
		CEB3D2C315374C11002DAC67 /* Foundation.framework in Frameworks */ = {isa = PBXBuildFile; fileRef = CEB3D2C215374C11002DAC67 /* Foundation.framework */; };
		CEB3D2C515374C11002DAC67 /* CoreGraphics.framework in Frameworks */ = {isa = PBXBuildFile; fileRef = CEB3D2C415374C11002DAC67 /* CoreGraphics.framework */; };
		CEB3D2C715374C11002DAC67 /* CoreData.framework in Frameworks */ = {isa = PBXBuildFile; fileRef = CEB3D2C615374C11002DAC67 /* CoreData.framework */; };
		CEB3D2CD15374C11002DAC67 /* InfoPlist.strings in Resources */ = {isa = PBXBuildFile; fileRef = CEB3D2CB15374C11002DAC67 /* InfoPlist.strings */; };
		CEB3D2D015374C11002DAC67 /* main.m in Sources */ = {isa = PBXBuildFile; fileRef = CEB3D2CF15374C11002DAC67 /* main.m */; };
		CEB3D2D315374C11002DAC67 /* bbcrtAppDelegate.m in Sources */ = {isa = PBXBuildFile; fileRef = CEB3D2D215374C11002DAC67 /* bbcrtAppDelegate.m */; };
		CEB3D2D615374C11002DAC67 /* MainWindow.xib in Resources */ = {isa = PBXBuildFile; fileRef = CEB3D2D415374C11002DAC67 /* MainWindow.xib */; };
		CEB3D2D915374C11002DAC67 /* bbcrt.xcdatamodeld in Sources */ = {isa = PBXBuildFile; fileRef = CEB3D2D715374C11002DAC67 /* bbcrt.xcdatamodeld */; };
/* End PBXBuildFile section */

/* Begin PBXFileReference section */
		CE8E71CA153ADD1E008EEB68 /* LessonsViewController.h */ = {isa = PBXFileReference; fileEncoding = 4; lastKnownFileType = sourcecode.c.h; path = LessonsViewController.h; sourceTree = "<group>"; };
		CE8E71CB153ADD1E008EEB68 /* LessonsViewController.m */ = {isa = PBXFileReference; fileEncoding = 4; lastKnownFileType = sourcecode.c.objc; path = LessonsViewController.m; sourceTree = "<group>"; };
		CEB3D2BC15374C11002DAC67 /* bbcrt.app */ = {isa = PBXFileReference; explicitFileType = wrapper.application; includeInIndex = 0; path = bbcrt.app; sourceTree = BUILT_PRODUCTS_DIR; };
		CEB3D2C015374C11002DAC67 /* UIKit.framework */ = {isa = PBXFileReference; lastKnownFileType = wrapper.framework; name = UIKit.framework; path = System/Library/Frameworks/UIKit.framework; sourceTree = SDKROOT; };
		CEB3D2C215374C11002DAC67 /* Foundation.framework */ = {isa = PBXFileReference; lastKnownFileType = wrapper.framework; name = Foundation.framework; path = System/Library/Frameworks/Foundation.framework; sourceTree = SDKROOT; };
		CEB3D2C415374C11002DAC67 /* CoreGraphics.framework */ = {isa = PBXFileReference; lastKnownFileType = wrapper.framework; name = CoreGraphics.framework; path = System/Library/Frameworks/CoreGraphics.framework; sourceTree = SDKROOT; };
		CEB3D2C615374C11002DAC67 /* CoreData.framework */ = {isa = PBXFileReference; lastKnownFileType = wrapper.framework; name = CoreData.framework; path = System/Library/Frameworks/CoreData.framework; sourceTree = SDKROOT; };
		CEB3D2CA15374C11002DAC67 /* bbcrt-Info.plist */ = {isa = PBXFileReference; lastKnownFileType = text.plist.xml; path = "bbcrt-Info.plist"; sourceTree = "<group>"; };
		CEB3D2CC15374C11002DAC67 /* en */ = {isa = PBXFileReference; lastKnownFileType = text.plist.strings; name = en; path = en.lproj/InfoPlist.strings; sourceTree = "<group>"; };
		CEB3D2CE15374C11002DAC67 /* bbcrt-Prefix.pch */ = {isa = PBXFileReference; lastKnownFileType = sourcecode.c.h; path = "bbcrt-Prefix.pch"; sourceTree = "<group>"; };
		CEB3D2CF15374C11002DAC67 /* main.m */ = {isa = PBXFileReference; lastKnownFileType = sourcecode.c.objc; path = main.m; sourceTree = "<group>"; };
		CEB3D2D115374C11002DAC67 /* bbcrtAppDelegate.h */ = {isa = PBXFileReference; lastKnownFileType = sourcecode.c.h; path = bbcrtAppDelegate.h; sourceTree = "<group>"; };
		CEB3D2D215374C11002DAC67 /* bbcrtAppDelegate.m */ = {isa = PBXFileReference; lastKnownFileType = sourcecode.c.objc; path = bbcrtAppDelegate.m; sourceTree = "<group>"; };
		CEB3D2D515374C11002DAC67 /* en */ = {isa = PBXFileReference; lastKnownFileType = file.xib; name = en; path = en.lproj/MainWindow.xib; sourceTree = "<group>"; };
		CEB3D2D815374C11002DAC67 /* bbcrt.xcdatamodel */ = {isa = PBXFileReference; lastKnownFileType = wrapper.xcdatamodel; path = bbcrt.xcdatamodel; sourceTree = "<group>"; };
/* End PBXFileReference section */

/* Begin PBXFrameworksBuildPhase section */
		CEB3D2B915374C11002DAC67 /* Frameworks */ = {
			isa = PBXFrameworksBuildPhase;
			buildActionMask = 2147483647;
			files = (
				CEB3D2C115374C11002DAC67 /* UIKit.framework in Frameworks */,
				CEB3D2C315374C11002DAC67 /* Foundation.framework in Frameworks */,
				CEB3D2C515374C11002DAC67 /* CoreGraphics.framework in Frameworks */,
				CEB3D2C715374C11002DAC67 /* CoreData.framework in Frameworks */,
			);
			runOnlyForDeploymentPostprocessing = 0;
		};
/* End PBXFrameworksBuildPhase section */

/* Begin PBXGroup section */
		CEB3D2B115374C10002DAC67 = {
			isa = PBXGroup;
			children = (
				CEB3D2C815374C11002DAC67 /* bbcrt */,
				CEB3D2BF15374C11002DAC67 /* Frameworks */,
				CEB3D2BD15374C11002DAC67 /* Products */,
			);
			sourceTree = "<group>";
		};
		CEB3D2BD15374C11002DAC67 /* Products */ = {
			isa = PBXGroup;
			children = (
				CEB3D2BC15374C11002DAC67 /* bbcrt.app */,
			);
			name = Products;
			sourceTree = "<group>";
		};
		CEB3D2BF15374C11002DAC67 /* Frameworks */ = {
			isa = PBXGroup;
			children = (
				CEB3D2C015374C11002DAC67 /* UIKit.framework */,
				CEB3D2C215374C11002DAC67 /* Foundation.framework */,
				CEB3D2C415374C11002DAC67 /* CoreGraphics.framework */,
				CEB3D2C615374C11002DAC67 /* CoreData.framework */,
			);
			name = Frameworks;
			sourceTree = "<group>";
		};
		CEB3D2C815374C11002DAC67 /* bbcrt */ = {
			isa = PBXGroup;
			children = (
				CEB3D2D115374C11002DAC67 /* bbcrtAppDelegate.h */,
				CEB3D2D215374C11002DAC67 /* bbcrtAppDelegate.m */,
				CEB3D2D415374C11002DAC67 /* MainWindow.xib */,
				CEB3D2D715374C11002DAC67 /* bbcrt.xcdatamodeld */,
				CEB3D2C915374C11002DAC67 /* Supporting Files */,
				CE8E71CA153ADD1E008EEB68 /* LessonsViewController.h */,
				CE8E71CB153ADD1E008EEB68 /* LessonsViewController.m */,
			);
			path = bbcrt;
			sourceTree = "<group>";
		};
		CEB3D2C915374C11002DAC67 /* Supporting Files */ = {
			isa = PBXGroup;
			children = (
				CEB3D2CA15374C11002DAC67 /* bbcrt-Info.plist */,
				CEB3D2CB15374C11002DAC67 /* InfoPlist.strings */,
				CEB3D2CE15374C11002DAC67 /* bbcrt-Prefix.pch */,
				CEB3D2CF15374C11002DAC67 /* main.m */,
			);
			name = "Supporting Files";
			sourceTree = "<group>";
		};
/* End PBXGroup section */

/* Begin PBXNativeTarget section */
		CEB3D2BB15374C11002DAC67 /* bbcrt */ = {
			isa = PBXNativeTarget;
			buildConfigurationList = CEB3D2DC15374C11002DAC67 /* Build configuration list for PBXNativeTarget "bbcrt" */;
			buildPhases = (
				CEB3D2B815374C11002DAC67 /* Sources */,
				CEB3D2B915374C11002DAC67 /* Frameworks */,
				CEB3D2BA15374C11002DAC67 /* Resources */,
			);
			buildRules = (
			);
			dependencies = (
			);
			name = bbcrt;
			productName = bbcrt;
			productReference = CEB3D2BC15374C11002DAC67 /* bbcrt.app */;
			productType = "com.apple.product-type.application";
		};
/* End PBXNativeTarget section */

/* Begin PBXProject section */
		CEB3D2B315374C10002DAC67 /* Project object */ = {
			isa = PBXProject;
			attributes = {
				ORGANIZATIONNAME = momo_dingua;
			};
			buildConfigurationList = CEB3D2B615374C10002DAC67 /* Build configuration list for PBXProject "bbcrt" */;
			compatibilityVersion = "Xcode 3.2";
			developmentRegion = English;
			hasScannedForEncodings = 0;
			knownRegions = (
				en,
			);
			mainGroup = CEB3D2B115374C10002DAC67;
			productRefGroup = CEB3D2BD15374C11002DAC67 /* Products */;
			projectDirPath = "";
			projectRoot = "";
			targets = (
				CEB3D2BB15374C11002DAC67 /* bbcrt */,
			);
		};
/* End PBXProject section */

/* Begin PBXResourcesBuildPhase section */
		CEB3D2BA15374C11002DAC67 /* Resources */ = {
			isa = PBXResourcesBuildPhase;
			buildActionMask = 2147483647;
			files = (
				CEB3D2CD15374C11002DAC67 /* InfoPlist.strings in Resources */,
				CEB3D2D615374C11002DAC67 /* MainWindow.xib in Resources */,
			);
			runOnlyForDeploymentPostprocessing = 0;
		};
/* End PBXResourcesBuildPhase section */

/* Begin PBXSourcesBuildPhase section */
		CEB3D2B815374C11002DAC67 /* Sources */ = {
			isa = PBXSourcesBuildPhase;
			buildActionMask = 2147483647;
			files = (
				CEB3D2D015374C11002DAC67 /* main.m in Sources */,
				CEB3D2D315374C11002DAC67 /* bbcrtAppDelegate.m in Sources */,
				CEB3D2D915374C11002DAC67 /* bbcrt.xcdatamodeld in Sources */,
				CE8E71CC153ADD1E008EEB68 /* LessonsViewController.m in Sources */,
			);
			runOnlyForDeploymentPostprocessing = 0;
		};
/* End PBXSourcesBuildPhase section */

/* Begin PBXVariantGroup section */
		CEB3D2CB15374C11002DAC67 /* InfoPlist.strings */ = {
			isa = PBXVariantGroup;
			children = (
				CEB3D2CC15374C11002DAC67 /* en */,
			);
			name = InfoPlist.strings;
			sourceTree = "<group>";
		};
		CEB3D2D415374C11002DAC67 /* MainWindow.xib */ = {
			isa = PBXVariantGroup;
			children = (
				CEB3D2D515374C11002DAC67 /* en */,
			);
			name = MainWindow.xib;
			sourceTree = "<group>";
		};
/* End PBXVariantGroup section */

/* Begin XCBuildConfiguration section */
		CEB3D2DA15374C11002DAC67 /* Debug */ = {
			isa = XCBuildConfiguration;
			buildSettings = {
				ARCHS = "$(ARCHS_STANDARD_32_BIT)";
				"CODE_SIGN_IDENTITY[sdk=iphoneos*]" = "iPhone Developer";
				GCC_C_LANGUAGE_STANDARD = gnu99;
				GCC_OPTIMIZATION_LEVEL = 0;
				GCC_PREPROCESSOR_DEFINITIONS = DEBUG;
				GCC_SYMBOLS_PRIVATE_EXTERN = NO;
				GCC_VERSION = com.apple.compilers.llvmgcc42;
				GCC_WARN_ABOUT_RETURN_TYPE = YES;
				GCC_WARN_UNUSED_VARIABLE = YES;
				IPHONEOS_DEPLOYMENT_TARGET = 4.3;
				SDKROOT = iphoneos;
			};
			name = Debug;
		};
		CEB3D2DB15374C11002DAC67 /* Release */ = {
			isa = XCBuildConfiguration;
			buildSettings = {
				ARCHS = "$(ARCHS_STANDARD_32_BIT)";
				"CODE_SIGN_IDENTITY[sdk=iphoneos*]" = "iPhone Developer";
				GCC_C_LANGUAGE_STANDARD = gnu99;
				GCC_VERSION = com.apple.compilers.llvmgcc42;
				GCC_WARN_ABOUT_RETURN_TYPE = YES;
				GCC_WARN_UNUSED_VARIABLE = YES;
				IPHONEOS_DEPLOYMENT_TARGET = 4.3;
				OTHER_CFLAGS = "-DNS_BLOCK_ASSERTIONS=1";
				SDKROOT = iphoneos;
			};
			name = Release;
		};
		CEB3D2DD15374C11002DAC67 /* Debug */ = {
			isa = XCBuildConfiguration;
			buildSettings = {
				ALWAYS_SEARCH_USER_PATHS = NO;
				CODE_SIGN_IDENTITY = "iPhone Developer: Mohamed Amine HACHFI (F3UDVRX35F)";
				COPY_PHASE_STRIP = NO;
				GCC_DYNAMIC_NO_PIC = NO;
				GCC_PRECOMPILE_PREFIX_HEADER = YES;
				GCC_PREFIX_HEADER = "bbcrt/bbcrt-Prefix.pch";
				INFOPLIST_FILE = "bbcrt/bbcrt-Info.plist";
				PRODUCT_NAME = "$(TARGET_NAME)";
				PROVISIONING_PROFILE = "CA27E812-66F1-4073-9CB6-B8A7ABBBD72B";
				WRAPPER_EXTENSION = app;
			};
			name = Debug;
		};
		CEB3D2DE15374C11002DAC67 /* Release */ = {
			isa = XCBuildConfiguration;
			buildSettings = {
				ALWAYS_SEARCH_USER_PATHS = NO;
				CODE_SIGN_IDENTITY = "iPhone Developer: Mohamed Amine HACHFI (F3UDVRX35F)";
				COPY_PHASE_STRIP = YES;
				GCC_PRECOMPILE_PREFIX_HEADER = YES;
				GCC_PREFIX_HEADER = "bbcrt/bbcrt-Prefix.pch";
				INFOPLIST_FILE = "bbcrt/bbcrt-Info.plist";
				PRODUCT_NAME = "$(TARGET_NAME)";
				PROVISIONING_PROFILE = "CA27E812-66F1-4073-9CB6-B8A7ABBBD72B";
				VALIDATE_PRODUCT = YES;
				WRAPPER_EXTENSION = app;
			};
			name = Release;
		};
/* End XCBuildConfiguration section */

/* Begin XCConfigurationList section */
		CEB3D2B615374C10002DAC67 /* Build configuration list for PBXProject "bbcrt" */ = {
			isa = XCConfigurationList;
			buildConfigurations = (
				CEB3D2DA15374C11002DAC67 /* Debug */,
				CEB3D2DB15374C11002DAC67 /* Release */,
			);
			defaultConfigurationIsVisible = 0;
			defaultConfigurationName = Release;
		};
		CEB3D2DC15374C11002DAC67 /* Build configuration list for PBXNativeTarget "bbcrt" */ = {
			isa = XCConfigurationList;
			buildConfigurations = (
				CEB3D2DD15374C11002DAC67 /* Debug */,
				CEB3D2DE15374C11002DAC67 /* Release */,
			);
			defaultConfigurationIsVisible = 0;
			defaultConfigurationName = Release;
		};
/* End XCConfigurationList section */

/* Begin XCVersionGroup section */
		CEB3D2D715374C11002DAC67 /* bbcrt.xcdatamodeld */ = {
			isa = XCVersionGroup;
			children = (
				CEB3D2D815374C11002DAC67 /* bbcrt.xcdatamodel */,
			);
			currentVersion = CEB3D2D815374C11002DAC67 /* bbcrt.xcdatamodel */;
			path = bbcrt.xcdatamodeld;
			sourceTree = "<group>";
			versionGroupType = wrapper.xcdatamodel;
		};
/* End XCVersionGroup section */
	};
	rootObject = CEB3D2B315374C10002DAC67 /* Project object */;
}
